github.com/uh-zz/gpl v0.0.0-20210731102245-220004e33343 h1:fzWAr57D5AlbVyfpIePWf2tw+OpJyY0EEOtG5EzYAgE=
github.com/uh-zz/gpl v0.0.0-20210731102245-220004e33343/go.mod h1:fxzGM1j3gpJbEH0woFBpCiZSIA+WGFqRCr6m0Q+CCjQ=
github.com/uh-zz/gpl v0.0.0-20210731113608-4d984cabd714 h1:F5/b79Q2A4bs2MnT4sfwEDicFL13SNJYG3s5eBuWLx0=
github.com/uh-zz/gpl v0.0.0-20210731113608-4d984cabd714/go.mod h1:fxzGM1j3gpJbEH0woFBpCiZSIA+WGFqRCr6m0Q+CCjQ=
